
Microsoft Visual Studio Solution File, Format Version 12.00
# Visual Studio 2012
Project("{F184B08F-C81C-45F6-A57F-5ABD9991F28F}") = "DataGridViewDemo", "DataGridViewDemo.vbproj", "{46186E32-C820-4064-9F8D-E5DE83E64D07}"
EndProject
Global
	GlobalSection(SolutionConfigurationPlatforms) = preSolution
		Debug|Any CPU = Debug|Any CPU
		Release|Any CPU = Release|Any CPU
	EndGlobalSection
	GlobalSection(ProjectConfigurationPlatforms) = postSolution
		{46186E32-C820-4064-9F8D-E5DE83E64D07}.Debug|Any CPU.ActiveCfg = Debug|Any CPU
		{46186E32-C820-4064-9F8D-E5DE83E64D07}.Debug|Any CPU.Build.0 = Debug|Any CPU
		{46186E32-C820-4064-9F8D-E5DE83E64D07}.Release|Any CPU.ActiveCfg = Release|Any CPU
		{46186E32-C820-4064-9F8D-E5DE83E64D07}.Release|Any CPU.Build.0 = Release|Any CPU
	EndGlobalSection
	GlobalSection(SolutionProperties) = preSolution
		HideSolutionNode = FALSE
	EndGlobalSection
EndGlobal
